Microsoft Visual Studio Solution File, Format Version 12.00
# Visual Studio Version 17
VisualStudioVersion = 17.0.31611.283
MinimumVisualStudioVersion = 10.0.40219.1
Project("{9A19103F-16F7-4668-BE54-9A1E7A4F7556}") = "UI", "UI\UI.csproj", "{7610D545-D1BE-48C1-8145-963EDBDE65A0}"
EndProject
Project("{9A19103F-16F7-4668-BE54-9A1E7A4F7556}") = "Data", "Data\Data.csproj", "{4C209584-8E1C-4DD2-BFFF-7ABC89B979EE}"
EndProject
Global
	GlobalSection(SolutionConfigurationPlatforms) = preSolution
		Debug|Any CPU = Debug|Any CPU
		Release|Any CPU = Release|Any CPU
	EndGlobalSection
	GlobalSection(ProjectConfigurationPlatforms) = postSolution
		{7610D545-D1BE-48C1-8145-963EDBDE65A0}.Debug|Any CPU.ActiveCfg = Debug|Any CPU
		{7610D545-D1BE-48C1-8145-963EDBDE65A0}.Debug|Any CPU.Build.0 = Debug|Any CPU
		{7610D545-D1BE-48C1-8145-963EDBDE65A0}.Debug|Any CPU.Deploy.0 = Debug|Any CPU
		{7610D545-D1BE-48C1-8145-963EDBDE65A0}.Release|Any CPU.ActiveCfg = Release|Any CPU
		{7610D545-D1BE-48C1-8145-963EDBDE65A0}.Release|Any CPU.Build.0 = Release|Any CPU
		{7610D545-D1BE-48C1-8145-963EDBDE65A0}.Release|Any CPU.Deploy.0 = Release|Any CPU
		{4C209584-8E1C-4DD2-BFFF-7ABC89B979EE}.Debug|Any CPU.ActiveCfg = Debug|Any CPU
		{4C209584-8E1C-4DD2-BFFF-7ABC89B979EE}.Debug|Any CPU.Build.0 = Debug|Any CPU
		{4C209584-8E1C-4DD2-BFFF-7ABC89B979EE}.Release|Any CPU.ActiveCfg = Release|Any CPU
		{4C209584-8E1C-4DD2-BFFF-7ABC89B979EE}.Release|Any CPU.Build.0 = Release|Any CPU
	EndGlobalSection
	GlobalSection(SolutionProperties) = preSolution
		HideSolutionNode = FALSE
	EndGlobalSection
	GlobalSection(ExtensibilityGlobals) = postSolution
		        SolutionGuid = {61F7FB11-1E47-470C-91E2-47F8143E1572}
		SolutionGuid = {E328B204-77AC-48A4-A775-9F4745408AF3}
	EndGlobalSection
EndGlobal
